
Microsoft Visual Studio Solution File, Format Version 12.00
# Visual Studio Version 16
VisualStudioVersion = 16.0.28729.10
MinimumVisualStudioVersion = 10.0.40219.1
Project("{FAE04EC0-301F-11D3-BF4B-00C04F79EFBC}") = "day11thread", "day11thread.csproj", "{C3F60324-ECFD-4500-8175-CB263B8F4350}"
EndProject
Global
	GlobalSection(SolutionConfigurationPlatforms) = preSolution
		Debug|Any CPU = Debug|Any CPU
		Release|Any CPU = Release|Any CPU
	EndGlobalSection
	GlobalSection(ProjectConfigurationPlatforms) = postSolution
		{C3F60324-ECFD-4500-8175-CB263B8F4350}.Debug|Any CPU.ActiveCfg = Debug|Any CPU
		{C3F60324-ECFD-4500-8175-CB263B8F4350}.Debug|Any CPU.Build.0 = Debug|Any CPU
		{C3F60324-ECFD-4500-8175-CB263B8F4350}.Release|Any CPU.ActiveCfg = Release|Any CPU
		{C3F60324-ECFD-4500-8175-CB263B8F4350}.Release|Any CPU.Build.0 = Release|Any CPU
	EndGlobalSection
	GlobalSection(SolutionProperties) = preSolution
		HideSolutionNode = FALSE
	EndGlobalSection
	GlobalSection(ExtensibilityGlobals) = postSolution
		SolutionGuid = {4FA73620-8AB6-49DD-8AC2-D744C802135C}
	EndGlobalSection
EndGlobal
