
Microsoft Visual Studio Solution File, Format Version 12.00
# Visual Studio Version 16
VisualStudioVersion = 16.0.28729.10
MinimumVisualStudioVersion = 10.0.40219.1
Project("{FAE04EC0-301F-11D3-BF4B-00C04F79EFBC}") = "day4", "day4\day4.csproj", "{45CA9693-0FCE-4C5C-9459-E2EDC4FBF328}"
EndProject
Global
	GlobalSection(SolutionConfigurationPlatforms) = preSolution
		Debug|Any CPU = Debug|Any CPU
		Release|Any CPU = Release|Any CPU
	EndGlobalSection
	GlobalSection(ProjectConfigurationPlatforms) = postSolution
		{45CA9693-0FCE-4C5C-9459-E2EDC4FBF328}.Debug|Any CPU.ActiveCfg = Debug|Any CPU
		{45CA9693-0FCE-4C5C-9459-E2EDC4FBF328}.Debug|Any CPU.Build.0 = Debug|Any CPU
		{45CA9693-0FCE-4C5C-9459-E2EDC4FBF328}.Release|Any CPU.ActiveCfg = Release|Any CPU
		{45CA9693-0FCE-4C5C-9459-E2EDC4FBF328}.Release|Any CPU.Build.0 = Release|Any CPU
	EndGlobalSection
	GlobalSection(SolutionProperties) = preSolution
		HideSolutionNode = FALSE
	EndGlobalSection
	GlobalSection(ExtensibilityGlobals) = postSolution
		SolutionGuid = {40BA2AE0-99F7-4133-8E4C-BCD618B8F993}
	EndGlobalSection
EndGlobal
