
Microsoft Visual Studio Solution File, Format Version 12.00
# Visual Studio Version 16
VisualStudioVersion = 16.0.28729.10
MinimumVisualStudioVersion = 10.0.40219.1
Project("{FAE04EC0-301F-11D3-BF4B-00C04F79EFBC}") = "h", "h\h.csproj", "{F2FD33E7-DBB8-4F70-A40F-B71FDBB5DE03}"
EndProject
Global
	GlobalSection(SolutionConfigurationPlatforms) = preSolution
		Debug|Any CPU = Debug|Any CPU
		Release|Any CPU = Release|Any CPU
	EndGlobalSection
	GlobalSection(ProjectConfigurationPlatforms) = postSolution
		{F2FD33E7-DBB8-4F70-A40F-B71FDBB5DE03}.Debug|Any CPU.ActiveCfg = Debug|Any CPU
		{F2FD33E7-DBB8-4F70-A40F-B71FDBB5DE03}.Debug|Any CPU.Build.0 = Debug|Any CPU
		{F2FD33E7-DBB8-4F70-A40F-B71FDBB5DE03}.Release|Any CPU.ActiveCfg = Release|Any CPU
		{F2FD33E7-DBB8-4F70-A40F-B71FDBB5DE03}.Release|Any CPU.Build.0 = Release|Any CPU
	EndGlobalSection
	GlobalSection(SolutionProperties) = preSolution
		HideSolutionNode = FALSE
	EndGlobalSection
	GlobalSection(ExtensibilityGlobals) = postSolution
		SolutionGuid = {BD0D0BAA-FA30-4BE4-ADA1-696EA015D281}
	EndGlobalSection
EndGlobal
