
Microsoft Visual Studio Solution File, Format Version 12.00
# Visual Studio 15
VisualStudioVersion = 15.0.28307.1401
MinimumVisualStudioVersion = 10.0.40219.1
Project("{F14B399A-7131-4C87-9E4B-1186C45EF12D}") = "BI day 3 report", "BI day 3 report\BI day 3 report.rptproj", "{0336F8F2-B976-44B1-84B3-D2E8CEE352B1}"
EndProject
Global
	GlobalSection(SolutionConfigurationPlatforms) = preSolution
		Debug|Default = Debug|Default
		DebugLocal|Default = DebugLocal|Default
		Release|Default = Release|Default
	EndGlobalSection
	GlobalSection(ProjectConfigurationPlatforms) = postSolution
		{0336F8F2-B976-44B1-84B3-D2E8CEE352B1}.Debug|Default.ActiveCfg = Debug
		{0336F8F2-B976-44B1-84B3-D2E8CEE352B1}.Debug|Default.Build.0 = Debug
		{0336F8F2-B976-44B1-84B3-D2E8CEE352B1}.Debug|Default.Deploy.0 = Debug
		{0336F8F2-B976-44B1-84B3-D2E8CEE352B1}.DebugLocal|Default.ActiveCfg = DebugLocal
		{0336F8F2-B976-44B1-84B3-D2E8CEE352B1}.DebugLocal|Default.Build.0 = DebugLocal
		{0336F8F2-B976-44B1-84B3-D2E8CEE352B1}.Release|Default.ActiveCfg = Release
		{0336F8F2-B976-44B1-84B3-D2E8CEE352B1}.Release|Default.Build.0 = Release
		{0336F8F2-B976-44B1-84B3-D2E8CEE352B1}.Release|Default.Deploy.0 = Release
	EndGlobalSection
	GlobalSection(SolutionProperties) = preSolution
		HideSolutionNode = FALSE
	EndGlobalSection
	GlobalSection(ExtensibilityGlobals) = postSolution
		SolutionGuid = {6941F5AC-1F76-403E-BD49-DE10E0B13668}
	EndGlobalSection
EndGlobal
