
Microsoft Visual Studio Solution File, Format Version 12.00
# Visual Studio Version 16
VisualStudioVersion = 16.0.28729.10
MinimumVisualStudioVersion = 10.0.40219.1
Project("{FAE04EC0-301F-11D3-BF4B-00C04F79EFBC}") = "day10", "day10.csproj", "{62C2E5EA-6153-438C-881D-82ECB08C74BC}"
EndProject
Global
	GlobalSection(SolutionConfigurationPlatforms) = preSolution
		Debug|Any CPU = Debug|Any CPU
		Release|Any CPU = Release|Any CPU
	EndGlobalSection
	GlobalSection(ProjectConfigurationPlatforms) = postSolution
		{62C2E5EA-6153-438C-881D-82ECB08C74BC}.Debug|Any CPU.ActiveCfg = Debug|Any CPU
		{62C2E5EA-6153-438C-881D-82ECB08C74BC}.Debug|Any CPU.Build.0 = Debug|Any CPU
		{62C2E5EA-6153-438C-881D-82ECB08C74BC}.Release|Any CPU.ActiveCfg = Release|Any CPU
		{62C2E5EA-6153-438C-881D-82ECB08C74BC}.Release|Any CPU.Build.0 = Release|Any CPU
	EndGlobalSection
	GlobalSection(SolutionProperties) = preSolution
		HideSolutionNode = FALSE
	EndGlobalSection
	GlobalSection(ExtensibilityGlobals) = postSolution
		SolutionGuid = {43E10F8F-E193-4CC0-8338-3CB3C747CA9B}
	EndGlobalSection
EndGlobal
