
Microsoft Visual Studio Solution File, Format Version 12.00
# Visual Studio 15
VisualStudioVersion = 15.0.28307.1401
MinimumVisualStudioVersion = 10.0.40219.1
Project("{159641D6-6404-4A2A-AE62-294DE0FE8301}") = "BI day1", "Integration Services Project1\BI day1.dtproj", "{A4EECD6E-26E8-449B-8266-E79DD6662DE5}"
EndProject
Global
	GlobalSection(SolutionConfigurationPlatforms) = preSolution
		Development|Default = Development|Default
	EndGlobalSection
	GlobalSection(ProjectConfigurationPlatforms) = postSolution
		{A4EECD6E-26E8-449B-8266-E79DD6662DE5}.Development|Default.ActiveCfg = Development
		{A4EECD6E-26E8-449B-8266-E79DD6662DE5}.Development|Default.Build.0 = Development
	EndGlobalSection
	GlobalSection(SolutionProperties) = preSolution
		HideSolutionNode = FALSE
	EndGlobalSection
	GlobalSection(ExtensibilityGlobals) = postSolution
		SolutionGuid = {1F9086E5-EB41-4508-A7DC-B74B5E718DB2}
	EndGlobalSection
EndGlobal
