
Microsoft Visual Studio Solution File, Format Version 12.00
# Visual Studio Version 16
VisualStudioVersion = 16.0.31005.135
MinimumVisualStudioVersion = 10.0.40219.1
Project("{FAE04EC0-301F-11D3-BF4B-00C04F79EFBC}") = "day1 CRUD", "day1 CRUD\day1 CRUD.csproj", "{959BAE04-72EF-4AB1-B288-D3B9D2A1DCCB}"
EndProject
Project("{FAE04EC0-301F-11D3-BF4B-00C04F79EFBC}") = "WebApi Identity day2", "WebApi Identity\WebApi Identity day2.csproj", "{392679C1-12CC-4FD1-81CD-28EE97263CAC}"
EndProject
Global
	GlobalSection(SolutionConfigurationPlatforms) = preSolution
		Debug|Any CPU = Debug|Any CPU
		Release|Any CPU = Release|Any CPU
	EndGlobalSection
	GlobalSection(ProjectConfigurationPlatforms) = postSolution
		{959BAE04-72EF-4AB1-B288-D3B9D2A1DCCB}.Debug|Any CPU.ActiveCfg = Debug|Any CPU
		{959BAE04-72EF-4AB1-B288-D3B9D2A1DCCB}.Debug|Any CPU.Build.0 = Debug|Any CPU
		{959BAE04-72EF-4AB1-B288-D3B9D2A1DCCB}.Release|Any CPU.ActiveCfg = Release|Any CPU
		{959BAE04-72EF-4AB1-B288-D3B9D2A1DCCB}.Release|Any CPU.Build.0 = Release|Any CPU
		{392679C1-12CC-4FD1-81CD-28EE97263CAC}.Debug|Any CPU.ActiveCfg = Debug|Any CPU
		{392679C1-12CC-4FD1-81CD-28EE97263CAC}.Debug|Any CPU.Build.0 = Debug|Any CPU
		{392679C1-12CC-4FD1-81CD-28EE97263CAC}.Release|Any CPU.ActiveCfg = Release|Any CPU
		{392679C1-12CC-4FD1-81CD-28EE97263CAC}.Release|Any CPU.Build.0 = Release|Any CPU
	EndGlobalSection
	GlobalSection(SolutionProperties) = preSolution
		HideSolutionNode = FALSE
	EndGlobalSection
	GlobalSection(ExtensibilityGlobals) = postSolution
		SolutionGuid = {D99721A1-27AA-41F2-9768-2FDDB004DA09}
	EndGlobalSection
EndGlobal
