
Microsoft Visual Studio Solution File, Format Version 12.00
# Visual Studio Version 16
VisualStudioVersion = 16.0.31005.135
MinimumVisualStudioVersion = 10.0.40219.1
Project("{FAE04EC0-301F-11D3-BF4B-00C04F79EFBC}") = "FirstDay", "FirstDay\FirstDay.csproj", "{B02462B1-60B8-402B-90EF-2CC5F3A0EDAF}"
EndProject
Project("{FAE04EC0-301F-11D3-BF4B-00C04F79EFBC}") = "FirstDay.test", "FirstDay.test\FirstDay.test.csproj", "{B806A569-9E87-4DCE-9502-D5D05C809F62}"
EndProject
Project("{FAE04EC0-301F-11D3-BF4B-00C04F79EFBC}") = "SecondDay", "SecondDay\SecondDay.csproj", "{D03AA252-0F2F-4C56-9FE3-ABFD58A607AB}"
EndProject
Project("{FAE04EC0-301F-11D3-BF4B-00C04F79EFBC}") = "SecondDay.test", "SecondDay.test\SecondDay.test.csproj", "{C7E61B08-B40E-4287-860E-E9E9D6A394ED}"
EndProject
Global
	GlobalSection(SolutionConfigurationPlatforms) = preSolution
		Debug|Any CPU = Debug|Any CPU
		Release|Any CPU = Release|Any CPU
	EndGlobalSection
	GlobalSection(ProjectConfigurationPlatforms) = postSolution
		{B02462B1-60B8-402B-90EF-2CC5F3A0EDAF}.Debug|Any CPU.ActiveCfg = Debug|Any CPU
		{B02462B1-60B8-402B-90EF-2CC5F3A0EDAF}.Debug|Any CPU.Build.0 = Debug|Any CPU
		{B02462B1-60B8-402B-90EF-2CC5F3A0EDAF}.Release|Any CPU.ActiveCfg = Release|Any CPU
		{B02462B1-60B8-402B-90EF-2CC5F3A0EDAF}.Release|Any CPU.Build.0 = Release|Any CPU
		{B806A569-9E87-4DCE-9502-D5D05C809F62}.Debug|Any CPU.ActiveCfg = Debug|Any CPU
		{B806A569-9E87-4DCE-9502-D5D05C809F62}.Debug|Any CPU.Build.0 = Debug|Any CPU
		{B806A569-9E87-4DCE-9502-D5D05C809F62}.Release|Any CPU.ActiveCfg = Release|Any CPU
		{B806A569-9E87-4DCE-9502-D5D05C809F62}.Release|Any CPU.Build.0 = Release|Any CPU
		{D03AA252-0F2F-4C56-9FE3-ABFD58A607AB}.Debug|Any CPU.ActiveCfg = Debug|Any CPU
		{D03AA252-0F2F-4C56-9FE3-ABFD58A607AB}.Debug|Any CPU.Build.0 = Debug|Any CPU
		{D03AA252-0F2F-4C56-9FE3-ABFD58A607AB}.Release|Any CPU.ActiveCfg = Release|Any CPU
		{D03AA252-0F2F-4C56-9FE3-ABFD58A607AB}.Release|Any CPU.Build.0 = Release|Any CPU
		{C7E61B08-B40E-4287-860E-E9E9D6A394ED}.Debug|Any CPU.ActiveCfg = Debug|Any CPU
		{C7E61B08-B40E-4287-860E-E9E9D6A394ED}.Debug|Any CPU.Build.0 = Debug|Any CPU
		{C7E61B08-B40E-4287-860E-E9E9D6A394ED}.Release|Any CPU.ActiveCfg = Release|Any CPU
		{C7E61B08-B40E-4287-860E-E9E9D6A394ED}.Release|Any CPU.Build.0 = Release|Any CPU
	EndGlobalSection
	GlobalSection(SolutionProperties) = preSolution
		HideSolutionNode = FALSE
	EndGlobalSection
	GlobalSection(ExtensibilityGlobals) = postSolution
		SolutionGuid = {2EF09B6C-ABE6-4F69-9460-5C64E5BA6A02}
	EndGlobalSection
EndGlobal
